
Microsoft Visual Studio Solution File, Format Version 12.00
# Visual Studio 15
VisualStudioVersion = 15.0.28307.168
MinimumVisualStudioVersion = 10.0.40219.1
Project("{9A19103F-16F7-4668-BE54-9A1E7A4F7556}") = "LandSiteTL.WebApi", "LandSiteTL.WebApi\LandSiteTL.WebApi.csproj", "{ED26A745-AEC6-4230-9172-C1B52BB2551A}"
EndProject
Project("{9A19103F-16F7-4668-BE54-9A1E7A4F7556}") = "LandSiteTL.Core", "LandSiteTL.Core\LandSiteTL.Core.csproj", "{DB6F7B84-8121-425F-BF9F-4702E2A58AA3}"
EndProject
Project("{9A19103F-16F7-4668-BE54-9A1E7A4F7556}") = "LandSiteTL.Models", "LandSiteTL.Models\LandSiteTL.Models.csproj", "{605EC4FF-ECB5-4FF7-AFC6-039A6422B28E}"
EndProject
Project("{9A19103F-16F7-4668-BE54-9A1E7A4F7556}") = "LandSiteTL.ViewModels", "LandSiteTL.ViewModels\LandSiteTL.ViewModels.csproj", "{499A46B2-169D-4584-B1F1-84A54A4DB519}"
EndProject
Project("{9A19103F-16F7-4668-BE54-9A1E7A4F7556}") = "LandSiteTL.IRepository", "LandSiteTL.IRepository\LandSiteTL.IRepository.csproj", "{BF157844-5506-46F4-A5FE-39CF18E293B8}"
EndProject
Project("{9A19103F-16F7-4668-BE54-9A1E7A4F7556}") = "LandSiteTL.Repository.SqlServer", "LandSiteTL.Repository\LandSiteTL.Repository.SqlServer.csproj", "{B002E8A5-D1FA-4D51-B4A6-E94FAA8AE8A7}"
EndProject
Project("{9A19103F-16F7-4668-BE54-9A1E7A4F7556}") = "LandSiteTL.IServices", "LandSiteTL.IServices\LandSiteTL.IServices.csproj", "{3759433E-20CB-4325-AD80-2FD0033F8F41}"
EndProject
Project("{9A19103F-16F7-4668-BE54-9A1E7A4F7556}") = "LandSiteTL.Services", "LandSiteTL.Services\LandSiteTL.Services.csproj", "{6B048B45-82EB-4837-9C3C-33C6D37F883A}"
EndProject
Project("{2150E333-8FDC-42A3-9474-1A3956D46DE8}") = "1.UI", "1.UI", "{17771D53-5695-46E3-88EE-C3B0032E0F66}"
EndProject
Project("{2150E333-8FDC-42A3-9474-1A3956D46DE8}") = "2.Application", "2.Application", "{5271CB15-D037-4A26-8409-31C1CD42E498}"
EndProject
Project("{2150E333-8FDC-42A3-9474-1A3956D46DE8}") = "3.Repository", "3.Repository", "{15B29718-96E6-4DB2-9166-E27156F48127}"
EndProject
Project("{2150E333-8FDC-42A3-9474-1A3956D46DE8}") = "4.Entity", "4.Entity", "{1C9F4760-12BD-42F2-BE0E-05C4AB41A8A6}"
EndProject
Project("{2150E333-8FDC-42A3-9474-1A3956D46DE8}") = "5.Infrastructure", "5.Infrastructure", "{8014760B-CFE7-492E-8BA1-59FABDB14F60}"
EndProject
Project("{9A19103F-16F7-4668-BE54-9A1E7A4F7556}") = "LandSiteTL.Repository.MySQL", "LandSiteTL.Repository.MySql\LandSiteTL.Repository.MySQL.csproj", "{C7CD1DFA-643C-4C25-8112-2D0DA054EB00}"
EndProject
Project("{FAE04EC0-301F-11D3-BF4B-00C04F79EFBC}") = "LandSiteTL.Test", "LandSiteTL.Test\LandSiteTL.Test.csproj", "{28EB9787-84D9-4EAB-BB01-CAD4EFFB13AE}"
EndProject
Project("{FAE04EC0-301F-11D3-BF4B-00C04F79EFBC}") = "LandSiteTL.xTest", "LandSiteTL.xTest\LandSiteTL.xTest.csproj", "{DACD76F3-E037-4890-9C89-FE21CA7D9E7B}"
EndProject
Global
	GlobalSection(SolutionConfigurationPlatforms) = preSolution
		Debug|Any CPU = Debug|Any CPU
		Release|Any CPU = Release|Any CPU
	EndGlobalSection
	GlobalSection(ProjectConfigurationPlatforms) = postSolution
		{ED26A745-AEC6-4230-9172-C1B52BB2551A}.Debug|Any CPU.ActiveCfg = Debug|Any CPU
		{ED26A745-AEC6-4230-9172-C1B52BB2551A}.Debug|Any CPU.Build.0 = Debug|Any CPU
		{ED26A745-AEC6-4230-9172-C1B52BB2551A}.Release|Any CPU.ActiveCfg = Release|Any CPU
		{ED26A745-AEC6-4230-9172-C1B52BB2551A}.Release|Any CPU.Build.0 = Release|Any CPU
		{DB6F7B84-8121-425F-BF9F-4702E2A58AA3}.Debug|Any CPU.ActiveCfg = Debug|Any CPU
		{DB6F7B84-8121-425F-BF9F-4702E2A58AA3}.Debug|Any CPU.Build.0 = Debug|Any CPU
		{DB6F7B84-8121-425F-BF9F-4702E2A58AA3}.Release|Any CPU.ActiveCfg = Release|Any CPU
		{DB6F7B84-8121-425F-BF9F-4702E2A58AA3}.Release|Any CPU.Build.0 = Release|Any CPU
		{605EC4FF-ECB5-4FF7-AFC6-039A6422B28E}.Debug|Any CPU.ActiveCfg = Debug|Any CPU
		{605EC4FF-ECB5-4FF7-AFC6-039A6422B28E}.Debug|Any CPU.Build.0 = Debug|Any CPU
		{605EC4FF-ECB5-4FF7-AFC6-039A6422B28E}.Release|Any CPU.ActiveCfg = Release|Any CPU
		{605EC4FF-ECB5-4FF7-AFC6-039A6422B28E}.Release|Any CPU.Build.0 = Release|Any CPU
		{499A46B2-169D-4584-B1F1-84A54A4DB519}.Debug|Any CPU.ActiveCfg = Debug|Any CPU
		{499A46B2-169D-4584-B1F1-84A54A4DB519}.Debug|Any CPU.Build.0 = Debug|Any CPU
		{499A46B2-169D-4584-B1F1-84A54A4DB519}.Release|Any CPU.ActiveCfg = Release|Any CPU
		{499A46B2-169D-4584-B1F1-84A54A4DB519}.Release|Any CPU.Build.0 = Release|Any CPU
		{BF157844-5506-46F4-A5FE-39CF18E293B8}.Debug|Any CPU.ActiveCfg = Debug|Any CPU
		{BF157844-5506-46F4-A5FE-39CF18E293B8}.Debug|Any CPU.Build.0 = Debug|Any CPU
		{BF157844-5506-46F4-A5FE-39CF18E293B8}.Release|Any CPU.ActiveCfg = Release|Any CPU
		{BF157844-5506-46F4-A5FE-39CF18E293B8}.Release|Any CPU.Build.0 = Release|Any CPU
		{B002E8A5-D1FA-4D51-B4A6-E94FAA8AE8A7}.Debug|Any CPU.ActiveCfg = Debug|Any CPU
		{B002E8A5-D1FA-4D51-B4A6-E94FAA8AE8A7}.Debug|Any CPU.Build.0 = Debug|Any CPU
		{B002E8A5-D1FA-4D51-B4A6-E94FAA8AE8A7}.Release|Any CPU.ActiveCfg = Release|Any CPU
		{B002E8A5-D1FA-4D51-B4A6-E94FAA8AE8A7}.Release|Any CPU.Build.0 = Release|Any CPU
		{3759433E-20CB-4325-AD80-2FD0033F8F41}.Debug|Any CPU.ActiveCfg = Debug|Any CPU
		{3759433E-20CB-4325-AD80-2FD0033F8F41}.Debug|Any CPU.Build.0 = Debug|Any CPU
		{3759433E-20CB-4325-AD80-2FD0033F8F41}.Release|Any CPU.ActiveCfg = Release|Any CPU
		{3759433E-20CB-4325-AD80-2FD0033F8F41}.Release|Any CPU.Build.0 = Release|Any CPU
		{6B048B45-82EB-4837-9C3C-33C6D37F883A}.Debug|Any CPU.ActiveCfg = Debug|Any CPU
		{6B048B45-82EB-4837-9C3C-33C6D37F883A}.Debug|Any CPU.Build.0 = Debug|Any CPU
		{6B048B45-82EB-4837-9C3C-33C6D37F883A}.Release|Any CPU.ActiveCfg = Release|Any CPU
		{6B048B45-82EB-4837-9C3C-33C6D37F883A}.Release|Any CPU.Build.0 = Release|Any CPU
		{C7CD1DFA-643C-4C25-8112-2D0DA054EB00}.Debug|Any CPU.ActiveCfg = Debug|Any CPU
		{C7CD1DFA-643C-4C25-8112-2D0DA054EB00}.Debug|Any CPU.Build.0 = Debug|Any CPU
		{C7CD1DFA-643C-4C25-8112-2D0DA054EB00}.Release|Any CPU.ActiveCfg = Release|Any CPU
		{C7CD1DFA-643C-4C25-8112-2D0DA054EB00}.Release|Any CPU.Build.0 = Release|Any CPU
		{28EB9787-84D9-4EAB-BB01-CAD4EFFB13AE}.Debug|Any CPU.ActiveCfg = Debug|Any CPU
		{28EB9787-84D9-4EAB-BB01-CAD4EFFB13AE}.Debug|Any CPU.Build.0 = Debug|Any CPU
		{28EB9787-84D9-4EAB-BB01-CAD4EFFB13AE}.Release|Any CPU.ActiveCfg = Release|Any CPU
		{28EB9787-84D9-4EAB-BB01-CAD4EFFB13AE}.Release|Any CPU.Build.0 = Release|Any CPU
		{DACD76F3-E037-4890-9C89-FE21CA7D9E7B}.Debug|Any CPU.ActiveCfg = Debug|Any CPU
		{DACD76F3-E037-4890-9C89-FE21CA7D9E7B}.Debug|Any CPU.Build.0 = Debug|Any CPU
		{DACD76F3-E037-4890-9C89-FE21CA7D9E7B}.Release|Any CPU.ActiveCfg = Release|Any CPU
		{DACD76F3-E037-4890-9C89-FE21CA7D9E7B}.Release|Any CPU.Build.0 = Release|Any CPU
	EndGlobalSection
	GlobalSection(SolutionProperties) = preSolution
		HideSolutionNode = FALSE
	EndGlobalSection
	GlobalSection(NestedProjects) = preSolution
		{ED26A745-AEC6-4230-9172-C1B52BB2551A} = {17771D53-5695-46E3-88EE-C3B0032E0F66}
		{DB6F7B84-8121-425F-BF9F-4702E2A58AA3} = {8014760B-CFE7-492E-8BA1-59FABDB14F60}
		{605EC4FF-ECB5-4FF7-AFC6-039A6422B28E} = {1C9F4760-12BD-42F2-BE0E-05C4AB41A8A6}
		{499A46B2-169D-4584-B1F1-84A54A4DB519} = {1C9F4760-12BD-42F2-BE0E-05C4AB41A8A6}
		{BF157844-5506-46F4-A5FE-39CF18E293B8} = {15B29718-96E6-4DB2-9166-E27156F48127}
		{B002E8A5-D1FA-4D51-B4A6-E94FAA8AE8A7} = {15B29718-96E6-4DB2-9166-E27156F48127}
		{3759433E-20CB-4325-AD80-2FD0033F8F41} = {5271CB15-D037-4A26-8409-31C1CD42E498}
		{6B048B45-82EB-4837-9C3C-33C6D37F883A} = {5271CB15-D037-4A26-8409-31C1CD42E498}
		{C7CD1DFA-643C-4C25-8112-2D0DA054EB00} = {15B29718-96E6-4DB2-9166-E27156F48127}
	EndGlobalSection
	GlobalSection(ExtensibilityGlobals) = postSolution
		SolutionGuid = {AD16965D-E57D-451A-BEB9-908A9A746CC5}
	EndGlobalSection
EndGlobal
